
Microsoft Visual Studio Solution File, Format Version 12.00
# Visual Studio Version 16
VisualStudioVersion = 16.0.32802.440
MinimumVisualStudioVersion = 10.0.40219.1
Project("{8BC9CEB8-8B4A-11D0-8D11-00A0C91BC942}") = "计算n的阶乘（递归）", "计算n的阶乘（递归）\计算n的阶乘（递归）.vcxproj", "{EA28B573-95C8-4D3C-A6B4-70571FA08456}"
EndProject
Global
	GlobalSection(SolutionConfigurationPlatforms) = preSolution
		Debug|x64 = Debug|x64
		Debug|x86 = Debug|x86
		Release|x64 = Release|x64
		Release|x86 = Release|x86
	EndGlobalSection
	GlobalSection(ProjectConfigurationPlatforms) = postSolution
		{EA28B573-95C8-4D3C-A6B4-70571FA08456}.Debug|x64.ActiveCfg = Debug|x64
		{EA28B573-95C8-4D3C-A6B4-70571FA08456}.Debug|x64.Build.0 = Debug|x64
		{EA28B573-95C8-4D3C-A6B4-70571FA08456}.Debug|x86.ActiveCfg = Debug|Win32
		{EA28B573-95C8-4D3C-A6B4-70571FA08456}.Debug|x86.Build.0 = Debug|Win32
		{EA28B573-95C8-4D3C-A6B4-70571FA08456}.Release|x64.ActiveCfg = Release|x64
		{EA28B573-95C8-4D3C-A6B4-70571FA08456}.Release|x64.Build.0 = Release|x64
		{EA28B573-95C8-4D3C-A6B4-70571FA08456}.Release|x86.ActiveCfg = Release|Win32
		{EA28B573-95C8-4D3C-A6B4-70571FA08456}.Release|x86.Build.0 = Release|Win32
	EndGlobalSection
	GlobalSection(SolutionProperties) = preSolution
		HideSolutionNode = FALSE
	EndGlobalSection
	GlobalSection(ExtensibilityGlobals) = postSolution
		SolutionGuid = {82C64A8D-91F8-45DB-99D3-0DC9CC13F4EF}
	EndGlobalSection
EndGlobal
