
Microsoft Visual Studio Solution File, Format Version 12.00
# Visual Studio Version 16
VisualStudioVersion = 16.0.32802.440
MinimumVisualStudioVersion = 10.0.40219.1
Project("{8BC9CEB8-8B4A-11D0-8D11-00A0C91BC942}") = "递归法计算n的阶乘", "递归法计算n的阶乘\递归法计算n的阶乘.vcxproj", "{DEAB4D9B-D837-465A-8D21-EDD34D9571B8}"
EndProject
Global
	GlobalSection(SolutionConfigurationPlatforms) = preSolution
		Debug|x64 = Debug|x64
		Debug|x86 = Debug|x86
		Release|x64 = Release|x64
		Release|x86 = Release|x86
	EndGlobalSection
	GlobalSection(ProjectConfigurationPlatforms) = postSolution
		{DEAB4D9B-D837-465A-8D21-EDD34D9571B8}.Debug|x64.ActiveCfg = Debug|x64
		{DEAB4D9B-D837-465A-8D21-EDD34D9571B8}.Debug|x64.Build.0 = Debug|x64
		{DEAB4D9B-D837-465A-8D21-EDD34D9571B8}.Debug|x86.ActiveCfg = Debug|Win32
		{DEAB4D9B-D837-465A-8D21-EDD34D9571B8}.Debug|x86.Build.0 = Debug|Win32
		{DEAB4D9B-D837-465A-8D21-EDD34D9571B8}.Release|x64.ActiveCfg = Release|x64
		{DEAB4D9B-D837-465A-8D21-EDD34D9571B8}.Release|x64.Build.0 = Release|x64
		{DEAB4D9B-D837-465A-8D21-EDD34D9571B8}.Release|x86.ActiveCfg = Release|Win32
		{DEAB4D9B-D837-465A-8D21-EDD34D9571B8}.Release|x86.Build.0 = Release|Win32
	EndGlobalSection
	GlobalSection(SolutionProperties) = preSolution
		HideSolutionNode = FALSE
	EndGlobalSection
	GlobalSection(ExtensibilityGlobals) = postSolution
		SolutionGuid = {AD4370E4-96D2-406E-A9F4-024E6C713289}
	EndGlobalSection
EndGlobal
